# THIS IS AN AUTOGENERATED FILE. DO NOT EDIT THIS FILE DIRECTLY.
# yarn lockfile v1


"@serialport/binding-mock@10.2.2":
  version "10.2.2"
  resolved "https://registry.yarnpkg.com/@serialport/binding-mock/-/binding-mock-10.2.2.tgz#d322a8116a97806addda13c62f50e73d16125874"
  integrity sha512-HAFzGhk9OuFMpuor7aT5G1ChPgn5qSsklTFOTUX72Rl6p0xwcSVsRtG/xaGp6bxpN7fI9D/S8THLBWbBgS6ldw==
  dependencies:
    "@serialport/bindings-interface" "^1.2.1"
    debug "^4.3.3"

"@serialport/bindings-cpp@11.0.1":
  version "11.0.1"
  resolved "https://registry.yarnpkg.com/@serialport/bindings-cpp/-/bindings-cpp-11.0.1.tgz#38afa6105ceb7888c6a2af2782822fca9130d65a"
  integrity sha512-3I1mniVg3osYuIUXxU0jB5AHPsxWmErmc3JC3WfUSlfXsjWMHkHfFzbW9Scuv/z/6DLCJIDyltabRa2FoW2qsQ==
  dependencies:
    "@serialport/bindings-interface" "1.2.2"
    "@serialport/parser-readline" "10.5.0"
    debug "4.3.4"
    node-addon-api "6.1.0"
    node-gyp-build "4.6.0"

"@serialport/bindings-interface@1.2.2", "@serialport/bindings-interface@^1.2.1":
  version "1.2.2"
  resolved "https://registry.yarnpkg.com/@serialport/bindings-interface/-/bindings-interface-1.2.2.tgz#c4ae9c1c85e26b02293f62f37435478d90baa460"
  integrity sha512-CJaUd5bLvtM9c5dmO9rPBHPXTa9R2UwpkJ0wdh9JCYcbrPWsKz+ErvR0hBLeo7NPeiFdjFO4sonRljiw4d2XiA==

"@serialport/parser-byte-length@11.0.0":
  version "11.0.0"
  resolved "https://registry.yarnpkg.com/@serialport/parser-byte-length/-/parser-byte-length-11.0.0.tgz#074e6ed6b18d7a61edc75dba22d3115e8f37dd8c"
  integrity sha512-rExsdFKdzOIHOBqTwzxUF1A9nrluVIZKZOtvMq5i0Hc3euooGdmkx0VXYNRlI2rd6kJLTL2P+uIR+ZtCTRyT+w==

"@serialport/parser-cctalk@11.0.0":
  version "11.0.0"
  resolved "https://registry.yarnpkg.com/@serialport/parser-cctalk/-/parser-cctalk-11.0.0.tgz#6a5e2b299e8f1ef00308980e45ecdae23825181e"
  integrity sha512-eN1MvEIFwI4GedWJhte6eWF+NZtrjchZbMf0CE6NV9TRzJI1KLnFf90ZOj/mhGuANojX4sqWfJKQXwN6E8VSHQ==

"@serialport/parser-delimiter@10.5.0":
  version "10.5.0"
  resolved "https://registry.yarnpkg.com/@serialport/parser-delimiter/-/parser-delimiter-10.5.0.tgz#b0d93100cdfd0619d020a427d652495073f3b828"
  integrity sha512-/uR/yT3jmrcwnl2FJU/2ySvwgo5+XpksDUR4NF/nwTS5i3CcuKS+FKi/tLzy1k8F+rCx5JzpiK+koqPqOUWArA==

"@serialport/parser-delimiter@11.0.0":
  version "11.0.0"
  resolved "https://registry.yarnpkg.com/@serialport/parser-delimiter/-/parser-delimiter-11.0.0.tgz#e830c6bb49723d4446131277dc3243b502d09388"
  integrity sha512-aZLJhlRTjSmEwllLG7S4J8s8ctRAS0cbvCpO87smLvl3e4BgzbVgF6Z6zaJd3Aji2uSiYgfedCdNc4L6W+1E2g==

"@serialport/parser-inter-byte-timeout@11.0.0":
  version "11.0.0"
  resolved "https://registry.yarnpkg.com/@serialport/parser-inter-byte-timeout/-/parser-inter-byte-timeout-11.0.0.tgz#baf7223bf3d49d159c82386928c763bfecf8f70f"
  integrity sha512-RLgqZC50IET6FtEIt6Oi0vdRsesSBWLNwB7ldzR9OzyXKgK0XHRzqKqbB0u5Q+tC5OScdWeiQ2AO6jooKUZtsw==

"@serialport/parser-packet-length@11.0.0":
  version "11.0.0"
  resolved "https://registry.yarnpkg.com/@serialport/parser-packet-length/-/parser-packet-length-11.0.0.tgz#ec06934b40b45b8f5eb04ba5527e98a1062c2a20"
  integrity sha512-6ZkOiaCooabpV/EM7ttSRbisbDWpGEf7Yxyr13t28LicYR43THRdjdMZcRnWxEM/jpwfskkLLXAR6wziVpKrlw==

"@serialport/parser-readline@10.5.0":
  version "10.5.0"
  resolved "https://registry.yarnpkg.com/@serialport/parser-readline/-/parser-readline-10.5.0.tgz#df23365ae7f45679b1735deae26f72ba42802862"
  integrity sha512-0aXJknodcl94W9zSjvU+sLdXiyEG2rqjQmvBWZCr8wJZjWEtv3RgrnYiWq4i2OTOyC8C/oPK8ZjpBjQptRsoJQ==
  dependencies:
    "@serialport/parser-delimiter" "10.5.0"

"@serialport/parser-readline@11.0.0", "@serialport/parser-readline@^11.0.0":
  version "11.0.0"
  resolved "https://registry.yarnpkg.com/@serialport/parser-readline/-/parser-readline-11.0.0.tgz#c2c8c88e163d2abf7c0ffddbc1845336444e3454"
  integrity sha512-rRAivhRkT3YO28WjmmG4FQX6L+KMb5/ikhyylRfzWPw0nSXy97+u07peS9CbHqaNvJkMhH1locp2H36aGMOEIA==
  dependencies:
    "@serialport/parser-delimiter" "11.0.0"

"@serialport/parser-ready@11.0.0":
  version "11.0.0"
  resolved "https://registry.yarnpkg.com/@serialport/parser-ready/-/parser-ready-11.0.0.tgz#802e7189d9e5d13df70d3aa1559403b72fcfa700"
  integrity sha512-lSsCPIctoc5kADCKnZDYBz1j69TsFqtnaWUicBzUAIAoUXpYKeYld8YX5NrvjViuVfIJeiqLZeGjxOWe5fqQqQ==

"@serialport/parser-regex@11.0.0":
  version "11.0.0"
  resolved "https://registry.yarnpkg.com/@serialport/parser-regex/-/parser-regex-11.0.0.tgz#bb247297851b1a789f4dde1c4ad48c39d6db7ed6"
  integrity sha512-aKuc/+/KE9swahTbYpSuOsQa7LggPx7jhfobJLPVVbAic80OpfCIY+MKr6Ax4R6UtQwF90O5Yk6OEmbbvtEmiA==

"@serialport/parser-slip-encoder@11.0.0":
  version "11.0.0"
  resolved "https://registry.yarnpkg.com/@serialport/parser-slip-encoder/-/parser-slip-encoder-11.0.0.tgz#f1c3f56e04c497ca89059c69ea79411b30e8da60"
  integrity sha512-3ZI/swd2it20vmu2tzqDbkyE4dqy+kExEDY6T33YQ210HDKPVhqj7FAVGo5P++MZ3dup1of11t4P9UPBNkuJnQ==

"@serialport/parser-spacepacket@11.0.0":
  version "11.0.0"
  resolved "https://registry.yarnpkg.com/@serialport/parser-spacepacket/-/parser-spacepacket-11.0.0.tgz#7737aaa1397db4bf820160dd2f7dd0c9df5f74a0"
  integrity sha512-+hqRckrTEqz+/uAUZY0Tq6YIRyCl4oQOH1MeVzKiFiGNjZP7hDJCDoY7LTr9CeJhxvcT0ItTbtjGBqGumV8fxg==

"@serialport/stream@11.0.0":
  version "11.0.0"
  resolved "https://registry.yarnpkg.com/@serialport/stream/-/stream-11.0.0.tgz#9887db096b51fabe1919a591b920b06f7580e8ee"
  integrity sha512-Zty7B8C1H2XRnay2mVmW1ygEHXRHXQDcaC5wAVvOZMbQSc7ye03rMlPvviDS+pGxU2t2A2bMo34CUrRduSBong==
  dependencies:
    "@serialport/bindings-interface" "1.2.2"
    debug "4.3.4"

colors@>=0.6.0:
  version "1.4.0"
  resolved "https://registry.yarnpkg.com/colors/-/colors-1.4.0.tgz#c50491479d4c1bdaed2c9ced32cf7c7dc2360f78"
  integrity sha512-a+UqTh4kgZg/SlGvfbzDHpgRu7AAQOmmqRHJnxhRZICKFUT91brVhNNt58CMWU9PsBbv3PDCZUHbVxuDiH2mtA==

debug@4.3.4, debug@^4.3.3:
  version "4.3.4"
  resolved "https://registry.yarnpkg.com/debug/-/debug-4.3.4.tgz#1319f6579357f2338d3337d2cdd4914bb5dcc865"
  integrity sha512-PRWFHuSU3eDtQJPvnNY7Jcket1j0t5OuOsFzPPzsekD52Zl8qUfFIPEiswXqIvHWGVHOgX+7G/vCNNhehwxfkQ==
  dependencies:
    ms "2.1.2"

mime@^1.2.9:
  version "1.6.0"
  resolved "https://registry.yarnpkg.com/mime/-/mime-1.6.0.tgz#32cd9e5c64553bd58d19a568af452acff04981b1"
  integrity sha512-x0Vn8spI+wuJ1O6S7gnbaQg8Pxh4NNHb7KSINmEWKiPE4RKOplvijn+NkmYmmRgP68mc70j2EbeTFRsrswaQeg==

minimist@~0.0.1:
  version "0.0.10"
  resolved "https://registry.yarnpkg.com/minimist/-/minimist-0.0.10.tgz#de3f98543dbf96082be48ad1a0c7cda836301dcf"
  integrity sha512-iotkTvxc+TwOm5Ieim8VnSNvCDjCK9S8G3scJ50ZthspSxa7jx50jkhYduuAtAjvfDUwSgOwf8+If99AlOEhyw==

ms@2.1.2:
  version "2.1.2"
  resolved "https://registry.yarnpkg.com/ms/-/ms-2.1.2.tgz#d09d1f357b443f493382a8eb3ccd183872ae6009"
  integrity sha512-sGkPx+VjMtmA6MX27oA4FBFELFCZZ4S4XqeGOXCv68tT+jb3vk/RyaKWP0PTKyWtmLSM0b+adUTEvbs1PEaH2w==

node-addon-api@6.1.0:
  version "6.1.0"
  resolved "https://registry.yarnpkg.com/node-addon-api/-/node-addon-api-6.1.0.tgz#ac8470034e58e67d0c6f1204a18ae6995d9c0d76"
  integrity sha512-+eawOlIgy680F0kBzPUNFhMZGtJ1YmqM6l4+Crf4IkImjYrO/mqPwRMh352g23uIaQKFItcQ64I7KMaJxHgAVA==

node-gyp-build@4.6.0:
  version "4.6.0"
  resolved "https://registry.yarnpkg.com/node-gyp-build/-/node-gyp-build-4.6.0.tgz#0c52e4cbf54bbd28b709820ef7b6a3c2d6209055"
  integrity sha512-NTZVKn9IylLwUzaKjkas1e4u2DLNcV4rdYagA4PWdPwW87Bi7z+BznyKSRwS/761tV/lzCGXplWsiaMjLqP2zQ==

node-static@^0.7.10:
  version "0.7.11"
  resolved "https://registry.yarnpkg.com/node-static/-/node-static-0.7.11.tgz#60120d349f3cef533e4e820670057eb631882e7f"
  integrity sha512-zfWC/gICcqb74D9ndyvxZWaI1jzcoHmf4UTHWQchBNuNMxdBLJMDiUgZ1tjGLEIe/BMhj2DxKD8HOuc2062pDQ==
  dependencies:
    colors ">=0.6.0"
    mime "^1.2.9"
    optimist ">=0.3.4"

optimist@>=0.3.4:
  version "0.6.1"
  resolved "https://registry.yarnpkg.com/optimist/-/optimist-0.6.1.tgz#da3ea74686fa21a19a111c326e90eb15a0196686"
  integrity sha512-snN4O4TkigujZphWLN0E//nQmm7790RYaE53DdL7ZYwee2D8DDo9/EyYiKUfN3rneWUjhJnueija3G9I2i0h3g==
  dependencies:
    minimist "~0.0.1"
    wordwrap "~0.0.2"

serialport@^11.0.0:
  version "11.0.0"
  resolved "https://registry.yarnpkg.com/serialport/-/serialport-11.0.0.tgz#a4114fc60e91b23f133ec459345b7be637b1e8ef"
  integrity sha512-bxs3XejQcOHWpzPAaXMhxVRlbem6fjNUrux3ToqrGvFR6BcjOYhqE5CsHOuutv37kmhmnuHrn+/hN+1BpTmaFg==
  dependencies:
    "@serialport/binding-mock" "10.2.2"
    "@serialport/bindings-cpp" "11.0.1"
    "@serialport/parser-byte-length" "11.0.0"
    "@serialport/parser-cctalk" "11.0.0"
    "@serialport/parser-delimiter" "11.0.0"
    "@serialport/parser-inter-byte-timeout" "11.0.0"
    "@serialport/parser-packet-length" "11.0.0"
    "@serialport/parser-readline" "11.0.0"
    "@serialport/parser-ready" "11.0.0"
    "@serialport/parser-regex" "11.0.0"
    "@serialport/parser-slip-encoder" "11.0.0"
    "@serialport/parser-spacepacket" "11.0.0"
    "@serialport/stream" "11.0.0"
    debug "4.3.4"

sse-stream@0.0.5:
  version "0.0.5"
  resolved "https://registry.yarnpkg.com/sse-stream/-/sse-stream-0.0.5.tgz#e003bec368259ee1474bd837b6c7cfeec291162e"
  integrity sha512-wPZMw7gz+YC+Ryr4Sa6toros3oimGr1uPWHynON41j/MgScoNCpiEroGA6rwy9Y6QeT/+X9jYRFJJYG0c28IZQ==
  dependencies:
    through "~2.2.7"

through@~2.2.7:
  version "2.2.7"
  resolved "https://registry.yarnpkg.com/through/-/through-2.2.7.tgz#6e8e21200191d4eb6a99f6f010df46aa1c6eb2bd"
  integrity sha512-JIR0m0ybkmTcR8URann+HbwKmodP+OE8UCbsifQDYMLD5J3em1Cdn3MYPpbEd5elGDwmP98T+WbqP/tvzA5Mjg==

wordwrap@~0.0.2:
  version "0.0.3"
  resolved "https://registry.yarnpkg.com/wordwrap/-/wordwrap-0.0.3.tgz#a3d5da6cd5c0bc0008d37234bbaf1bed63059107"
  integrity sha512-1tMA907+V4QmxV7dbRvb4/8MaRALK6q9Abid3ndMYnbyo8piisCmeONVqVSXqQA3KaP4SLt5b7ud6E2sqP8TFw==
